%{
  "bunch": {:hex, :bunch, "1.6.3", "341cd27f16506c3d27cebdd737ab65ee5177215e2c5d74db336ef8d8ca92e412", [:mix], [], "hexpm", "3afd0c5a3eaa5d3d16e221f67297d2f29337a7a9614df7b5c3584b8b485e8765"},
  "bunch_native": {:hex, :bunch_native, "0.5.1", "6928ed1b2239009b04d04bd67d048d2aa7a785b5200301498c04a5b27a200a57", [:mix], [{:bundlex, "~> 1.0", [hex: :bundlex, repo: "hexpm", optional: false]}], "hexpm", "fc979bbac2244b0fce102246122893a46570d38da389a2097faac7a386f6c72b"},
  "bundlex": {:hex, :bundlex, "1.5.7", "0be2ec83820df0e285c26e00fda24d1dab410ae3c435bd3257aea83860da8766", [:mix], [{:bunch, "~> 1.0", [hex: :bunch, repo: "hexpm", optional: false]}, {:elixir_uuid, "~> 1.2", [hex: :elixir_uuid, repo: "hexpm", optional: false]}, {:qex, "~> 0.5", [hex: :qex, repo: "hexpm", optional: false]}, {:req, ">= 0.4.0", [hex: :req, repo: "hexpm", optional: false]}, {:zarex, "~> 1.0", [hex: :zarex, repo: "hexpm", optional: false]}], "hexpm", "8ed29816031274077342003fd5816a108e40190333c76497663da074ddd02a89"},
  "bunt": {:hex, :bunt, "1.0.0", "081c2c665f086849e6d57900292b3a161727ab40431219529f13c4ddcf3e7a44", [:mix], [], "hexpm", "dc5f86aa08a5f6fa6b8096f0735c4e76d54ae5c9fa2c143e5a1fc7c1cd9bb6b5"},
  "crc": {:hex, :crc, "0.10.6", "a52243715da06265399ade929b12e6807a82ddbd04231d8bd3069480aa890f01", [:mix, :rebar3], [{:elixir_make, "~> 0.6", [hex: :elixir_make, repo: "hexpm", optional: false]}], "hexpm", "9e832833d48a5fff03cb7488f8aa5c08adda0a5fa8188bbe124cb17c4e39a00d"},
  "credo": {:hex, :credo, "1.7.19", "cc52129665fc7c15143d47838fda0f9cd6dac9ceced7bf4da6f85fcbfe64b12a", [:mix], [{:bunt, "~> 0.2.1 or ~> 1.0", [hex: :bunt, repo: "hexpm", optional: false]}, {:file_system, "~> 0.2 or ~> 1.0", [hex: :file_system, repo: "hexpm", optional: false]}, {:jason, "~> 1.0", [hex: :jason, repo: "hexpm", optional: false]}], "hexpm", "2d8bc95d5a7bb99dd2613621d4f08c6a3575c3fd4b62e6a2b48a100352a557b8"},
  "dialyxir": {:hex, :dialyxir, "1.4.7", "dda948fcee52962e4b6c5b4b16b2d8fa7d50d8645bbae8b8685c3f9ecb7f5f4d", [:mix], [{:erlex, ">= 0.2.8", [hex: :erlex, repo: "hexpm", optional: false]}], "hexpm", "b34527202e6eb8cee198efec110996c25c5898f43a4094df157f8d28f27d9efe"},
  "earmark_parser": {:hex, :earmark_parser, "1.4.45", "cba8369ab2a1342e419bc2760eec731b17be828941dcf494045d44766227e1d5", [:mix], [], "hexpm", "d3ec045bf122965db20c0bdb420e19ee1415843135327124918473feb4b328e8"},
  "elixir_make": {:hex, :elixir_make, "0.10.0", "16577e2583a79bb79237bbff349619ef5d80afffc07eac6e4faf0d00e2ddaf7d", [:mix], [], "hexpm", "dc1f09fb7fa68866b886abd5f0f3c83553b1a19a52359a899e92af1bb3b31982"},
  "elixir_uuid": {:hex, :elixir_uuid, "1.2.1", "dce506597acb7e6b0daeaff52ff6a9043f5919a4c3315abb4143f0b00378c097", [:mix], [], "hexpm", "f7eba2ea6c3555cea09706492716b0d87397b88946e6380898c2889d68585752"},
  "erlex": {:hex, :erlex, "0.2.9", "7debbbaa9f4f368b8cd648983e0f1d7963028508e9c59e9d4ed504e94ef52a55", [:mix], [], "hexpm", "8cfffc0ec7159e6d73de2ab28a588064de80f88b2798d5cbe4482cbbc200178b"},
  "ex_doc": {:hex, :ex_doc, "0.40.3", "4a972ffe64bc07dc605af487e98fc19b72a4185f55ca031b94c0552d6071c1d9", [:mix], [{:earmark_parser, "~> 1.4.44", [hex: :earmark_parser, repo: "hexpm", optional: false]}, {:makeup_c, ">= 0.1.0", [hex: :makeup_c, repo: "hexpm", optional: true]}, {:makeup_elixir, "~> 0.14 or ~> 1.0", [hex: :makeup_elixir, repo: "hexpm", optional: false]}, {:makeup_erlang, "~> 0.1 or ~> 1.0", [hex: :makeup_erlang, repo: "hexpm", optional: false]}, {:makeup_html, ">= 0.1.0", [hex: :makeup_html, repo: "hexpm", optional: true]}], "hexpm", "2756e357742fecd9749b489b85d67c9ce99c465f2e75728d9e6dc8d704b973de"},
  "ex_dtls": {:hex, :ex_dtls, "0.18.1", "12bc418e6f25b0194affb988c8755f4c9a3dbacf9a9ef76c87cd4b5ee0133f8b", [:mix], [{:bundlex, "~> 1.5.3", [hex: :bundlex, repo: "hexpm", optional: false]}, {:unifex, "~> 1.0", [hex: :unifex, repo: "hexpm", optional: false]}], "hexpm", "02aa48094982d231043cce4b02e6f2c6cfafc7e308c4afe116785641f92f0a56"},
  "ex_ice": {:hex, :ex_ice, "0.16.1", "71de6aa726a4cdd97aeb041e22f49f70943ca0eb580bf77161b752e652ab3e17", [:mix], [{:elixir_uuid, "~> 1.0", [hex: :elixir_uuid, repo: "hexpm", optional: false]}, {:ex_stun, "~> 0.2.1", [hex: :ex_stun, repo: "hexpm", optional: false]}, {:ex_turn, "~> 0.2.3", [hex: :ex_turn, repo: "hexpm", optional: false]}], "hexpm", "e61ce3fdc022750cdedf46bfc4ebc45de7450a6d0fcd16051c65ca9954a9762d"},
  "ex_libsrtp": {:hex, :ex_libsrtp, "0.7.3", "f0a0dcb6c6518986c61a01ff47e99d71ff6eeef8108a207d92e3ab8a3687b435", [:mix], [{:bunch, "~> 1.6", [hex: :bunch, repo: "hexpm", optional: false]}, {:bundlex, "~> 1.3", [hex: :bundlex, repo: "hexpm", optional: false]}, {:membrane_precompiled_dependency_provider, "~> 0.2.1", [hex: :membrane_precompiled_dependency_provider, repo: "hexpm", optional: false]}, {:unifex, "~> 1.1", [hex: :unifex, repo: "hexpm", optional: false]}], "hexpm", "0964a9ad35f4aa871a472fa827cfef8dcd3cbf22c912a32bc7b19a8769fbc744"},
  "ex_rtcp": {:hex, :ex_rtcp, "0.4.2", "ce723c86e73dc766540a19c9301be673fa0f9fea8843d8d84cdff24bb7111151", [:mix], [], "hexpm", "d1532d561ec6f8686ff73f96d269d015e5ed150e5816b358deddcdf61ddc1f8e"},
  "ex_rtp": {:hex, :ex_rtp, "0.4.1", "878349aaa9c7e525ce2b9a277b5cee9fc247111c3954981111c391e0dcfdd4a0", [:mix], [], "hexpm", "3bc7d426adfa1f6b7c735bbf20fcf8688808d6531ab9616641ee156d11877703"},
  "ex_sctp": {:hex, :ex_sctp, "0.1.3", "f989f2cc2b01010f3eaa7884d09c98429176ab255692f2364b3d03062764598e", [:mix], [{:rustler, "~> 0.37.1", [hex: :rustler, repo: "hexpm", optional: false]}], "hexpm", "3c7d69c0f91bb6e65c67cd9ab7098d386e67bf633f28e028a039578b72a45d9b"},
  "ex_sdp": {:hex, :ex_sdp, "1.1.3", "e2c45ebc44551261cf1a9b3f46ad2ed470fce5aa342b656193df8996e5cf9994", [:mix], [{:bunch, "~> 1.3", [hex: :bunch, repo: "hexpm", optional: false]}, {:elixir_uuid, "~> 1.2", [hex: :elixir_uuid, repo: "hexpm", optional: false]}], "hexpm", "0ed765b9d519511186a9afa7e4123286744d838065b0974fe85bdd2f2cae1ef7"},
  "ex_stun": {:hex, :ex_stun, "0.2.1", "f8273f16687c4a052583b91307783763675c3ee208d7746e9072eab1d7fe5318", [:mix], [], "hexpm", "df711db3610302d4161ce362321f98862fad858de48a75c135fd0b343f18e817"},
  "ex_turn": {:hex, :ex_turn, "0.2.3", "7d10ce9c784c4a01dfb9adf42d94e52000db014b4557287067cd344b2939e0b6", [:mix], [{:ex_stun, "~> 0.2.1", [hex: :ex_stun, repo: "hexpm", optional: false]}], "hexpm", "f94874c6d240a162ba610deca0e3a42a6dbc2721c37310ec1ab6063ac1e677c0"},
  "excoveralls": {:hex, :excoveralls, "0.18.5", "e229d0a65982613332ec30f07940038fe451a2e5b29bce2a5022165f0c9b157e", [:mix], [{:castore, "~> 1.0", [hex: :castore, repo: "hexpm", optional: true]}, {:jason, "~> 1.0", [hex: :jason, repo: "hexpm", optional: false]}], "hexpm", "523fe8a15603f86d64852aab2abe8ddbd78e68579c8525ae765facc5eae01562"},
  "file_system": {:hex, :file_system, "1.1.1", "31864f4685b0148f25bd3fbef2b1228457c0c89024ad67f7a81a3ffbc0bbad3a", [:mix], [], "hexpm", "7a15ff97dfe526aeefb090a7a9d3d03aa907e100e262a0f8f7746b78f8f87a5d"},
  "finch": {:hex, :finch, "0.22.0", "5c48fa6f9706a78eb9036cacb67b8b996b4e66d111c543f4c29bb0f879a6806b", [:mix], [{:mime, "~> 1.0 or ~> 2.0", [hex: :mime, repo: "hexpm", optional: false]}, {:mint, "~> 1.8", [hex: :mint, repo: "hexpm", optional: false]}, {:nimble_options, "~> 0.4 or ~> 1.0", [hex: :nimble_options, repo: "hexpm", optional: false]}, {:nimble_pool, "~> 1.1", [hex: :nimble_pool, repo: "hexpm", optional: false]}, {:telemetry, "~> 0.4 or ~> 1.0", [hex: :telemetry, repo: "hexpm", optional: false]}], "hexpm", "b94e83c47780fc6813f746a1f1a34ee65cda42da4c5ea26a68f0acc4498e23dc"},
  "hpax": {:hex, :hpax, "1.0.3", "ed67ef51ad4df91e75cc6a1494f851850c0bd98ebc0be6e81b026e765ee535aa", [:mix], [], "hexpm", "8eab6e1cfa8d5918c2ce4ba43588e894af35dbd8e91e6e55c817bca5847df34a"},
  "jason": {:hex, :jason, "1.4.5", "2e3a008590b0b8d7388c20293e9dcc9cf3e5d642fd2a114e4cbbb52e595d940a", [:mix], [{:decimal, "~> 1.0 or ~> 2.0 or ~> 3.0", [hex: :decimal, repo: "hexpm", optional: true]}], "hexpm", "b0c823996102bcd0239b3c2444eb00409b72f6a140c1950bc8b457d836b30684"},
  "makeup": {:hex, :makeup, "1.2.1", "e90ac1c65589ef354378def3ba19d401e739ee7ee06fb47f94c687016e3713d1", [:mix], [{:nimble_parsec, "~> 1.4", [hex: :nimble_parsec, repo: "hexpm", optional: false]}], "hexpm", "d36484867b0bae0fea568d10131197a4c2e47056a6fbe84922bf6ba71c8d17ce"},
  "makeup_elixir": {:hex, :makeup_elixir, "1.0.1", "e928a4f984e795e41e3abd27bfc09f51db16ab8ba1aebdba2b3a575437efafc2", [:mix], [{:makeup, "~> 1.0", [hex: :makeup, repo: "hexpm", optional: false]}, {:nimble_parsec, "~> 1.2.3 or ~> 1.3", [hex: :nimble_parsec, repo: "hexpm", optional: false]}], "hexpm", "7284900d412a3e5cfd97fdaed4f5ed389b8f2b4cb49efc0eb3bd10e2febf9507"},
  "makeup_erlang": {:hex, :makeup_erlang, "1.1.0", "835f7e60792e08824cda445639555d7bf1bbbddb1b60b306e33cb6f6db24dc74", [:mix], [{:makeup, "~> 1.0", [hex: :makeup, repo: "hexpm", optional: false]}], "hexpm", "1cd6780fb1dd1a03979abaed0fe82712b0625118fd5257d3ebbf73f960c73c3c"},
  "membrane_precompiled_dependency_provider": {:hex, :membrane_precompiled_dependency_provider, "0.2.2", "0fbff1eb651619ce95abd7f9d19dd636ce460adc01bea36a440c48d1a6572a95", [:mix], [{:bundlex, "~> 1.4", [hex: :bundlex, repo: "hexpm", optional: false]}], "hexpm", "60296232d613856d22494303b64487bfa141666544f2e83a97f1d2dd28c34453"},
  "mime": {:hex, :mime, "2.0.7", "b8d739037be7cd402aee1ba0306edfdef982687ee7e9859bee6198c1e7e2f128", [:mix], [], "hexpm", "6171188e399ee16023ffc5b76ce445eb6d9672e2e241d2df6050f3c771e80ccd"},
  "mint": {:hex, :mint, "1.9.0", "d6f534c2a3e98b2a8cc749b4796eb77e9e3af79a76f96e4c74035a827de0d318", [:mix], [{:castore, "~> 0.1.0 or ~> 1.0", [hex: :castore, repo: "hexpm", optional: true]}, {:hpax, "~> 0.1.1 or ~> 0.2.0 or ~> 1.0", [hex: :hpax, repo: "hexpm", optional: false]}], "hexpm", "007154c7d8c43916aed3c93afd1f11aebbaa9c5ff4b7ba55ebe0d17ee0296042"},
  "nimble_options": {:hex, :nimble_options, "1.1.1", "e3a492d54d85fc3fd7c5baf411d9d2852922f66e69476317787a7b2bb000a61b", [:mix], [], "hexpm", "821b2470ca9442c4b6984882fe9bb0389371b8ddec4d45a9504f00a66f650b44"},
  "nimble_parsec": {:hex, :nimble_parsec, "1.4.2", "8efba0122db06df95bfaa78f791344a89352ba04baedd3849593bfce4d0dc1c6", [:mix], [], "hexpm", "4b21398942dda052b403bbe1da991ccd03a053668d147d53fb8c4e0efe09c973"},
  "nimble_pool": {:hex, :nimble_pool, "1.1.0", "bf9c29fbdcba3564a8b800d1eeb5a3c58f36e1e11d7b7fb2e084a643f645f06b", [:mix], [], "hexpm", "af2e4e6b34197db81f7aad230c1118eac993acc0dae6bc83bac0126d4ae0813a"},
  "qex": {:hex, :qex, "0.5.2", "a0c861a2de2380314c23ef592349824ca9016c5845380667ff1d9a22a8796f9b", [:mix], [], "hexpm", "6fb81bf3ae354a9abb471b9561538ea3e8540125d803b00f45cbccff52f00496"},
  "req": {:hex, :req, "0.6.1", "7b904c8b42d0e08136a5c6aba024fd12fc79a1ed8856e7a3522b0917f7e75113", [:mix], [{:brotli, "~> 0.3.1", [hex: :brotli, repo: "hexpm", optional: true]}, {:ezstd, "~> 1.0", [hex: :ezstd, repo: "hexpm", optional: true]}, {:finch, "~> 0.21.0 or ~> 0.22.0", [hex: :finch, repo: "hexpm", optional: false]}, {:jason, "~> 1.0", [hex: :jason, repo: "hexpm", optional: false]}, {:mime, "~> 2.0.6 or ~> 2.1", [hex: :mime, repo: "hexpm", optional: false]}, {:nimble_csv, "~> 1.0", [hex: :nimble_csv, repo: "hexpm", optional: true]}, {:plug, "~> 1.0", [hex: :plug, repo: "hexpm", optional: true]}], "hexpm", "aaf11c9c80f2df2364630b3594e1857fe610d8ea7cb994e1ce3dcb55f204ff1c"},
  "rustler": {:hex, :rustler, "0.37.3", "5f4e6634d43b26f0a69834dd1d3ed4e1710b022a053bf4a670220c9540c92602", [:mix], [{:jason, "~> 1.0", [hex: :jason, repo: "hexpm", optional: false]}], "hexpm", "a6872c6f53dcf00486d1e7f9e046e20e01bf1654bdacc4193016c2e8002b32a2"},
  "shmex": {:hex, :shmex, "0.5.1", "81dd209093416bf6608e66882cb7e676089307448a1afd4fc906c1f7e5b94cf4", [:mix], [{:bunch_native, "~> 0.5.0", [hex: :bunch_native, repo: "hexpm", optional: false]}, {:bundlex, "~> 1.0", [hex: :bundlex, repo: "hexpm", optional: false]}], "hexpm", "c29f8286891252f64c4e1dac40b217d960f7d58def597c4e606ff8fbe71ceb80"},
  "telemetry": {:hex, :telemetry, "1.4.2", "a0cb522801dffb1c49fe6e30561badffc7b6d0e180db1300df759faa22062855", [:rebar3], [], "hexpm", "928f6495066506077862c0d1646609eed891a4326bee3126ba54b60af61febb1"},
  "toml": {:hex, :toml, "0.7.0", "fbcd773caa937d0c7a02c301a1feea25612720ac3fa1ccb8bfd9d30d822911de", [:mix], [], "hexpm", "0690246a2478c1defd100b0c9b89b4ea280a22be9a7b313a8a058a2408a2fa70"},
  "unifex": {:hex, :unifex, "1.2.2", "639288fe8330e9ef0bc5f1ef75077ea0ced6c2c06dd20d59426fa4c119f31ac4", [:mix], [{:bunch, "~> 1.0", [hex: :bunch, repo: "hexpm", optional: false]}, {:bundlex, "~> 1.4", [hex: :bundlex, repo: "hexpm", optional: false]}, {:shmex, "~> 0.5.0", [hex: :shmex, repo: "hexpm", optional: false]}], "hexpm", "a1af4c8b273fc49553395311714730aeafed4efd3da863d60ab896e17526f085"},
  "zarex": {:hex, :zarex, "1.0.6", "f657ed1187e6e90472e24c92b1fd5bf3f846e74bd240bd77276c13f336a8d168", [:mix], [], "hexpm", "b628a9b0bc312f278af2c288078c31fd4757224b82d768e91bcf3bedbe3a50e7"},
}
